
Microsoft Visual Studio Solution File, Format Version 12.00
# Visual Studio 14
VisualStudioVersion = 14.0.25420.1
MinimumVisualStudioVersion = 10.0.40219.1
Project("{FAE04EC0-301F-11D3-BF4B-00C04F79EFBC}") = "D365FONinjaDevTools", "D365FONinjaDevTools\D365FONinjaDevTools.csproj", "{14EA8E80-6BAD-4FFC-A590-A49B3AC75A08}"
EndProject
Project("{FAE04EC0-301F-11D3-BF4B-00C04F79EFBC}") = "D365FONinjaDevTools_Setup", "D365FONinjaDevToolsSetup\D365FONinjaDevTools_Setup.csproj", "{40EC3306-FD6A-4973-A9F5-6D50867D3ACE}"
EndProject
Project("{FAE04EC0-301F-11D3-BF4B-00C04F79EFBC}") = "WpfApplication1", "WpfApplication1\WpfApplication1.csproj", "{554AC5FB-4EC5-4188-AE38-6946BA6AC019}"
EndProject
Global
	GlobalSection(SolutionConfigurationPlatforms) = preSolution
		Debug|Any CPU = Debug|Any CPU
		Release|Any CPU = Release|Any CPU
	EndGlobalSection
	GlobalSection(ProjectConfigurationPlatforms) = postSolution
		{14EA8E80-6BAD-4FFC-A590-A49B3AC75A08}.Debug|Any CPU.ActiveCfg = Debug|Any CPU
		{14EA8E80-6BAD-4FFC-A590-A49B3AC75A08}.Debug|Any CPU.Build.0 = Debug|Any CPU
		{14EA8E80-6BAD-4FFC-A590-A49B3AC75A08}.Release|Any CPU.ActiveCfg = Release|Any CPU
		{14EA8E80-6BAD-4FFC-A590-A49B3AC75A08}.Release|Any CPU.Build.0 = Release|Any CPU
		{40EC3306-FD6A-4973-A9F5-6D50867D3ACE}.Debug|Any CPU.ActiveCfg = Debug|Any CPU
		{40EC3306-FD6A-4973-A9F5-6D50867D3ACE}.Debug|Any CPU.Build.0 = Debug|Any CPU
		{40EC3306-FD6A-4973-A9F5-6D50867D3ACE}.Release|Any CPU.ActiveCfg = Release|Any CPU
		{40EC3306-FD6A-4973-A9F5-6D50867D3ACE}.Release|Any CPU.Build.0 = Release|Any CPU
		{554AC5FB-4EC5-4188-AE38-6946BA6AC019}.Debug|Any CPU.ActiveCfg = Debug|Any CPU
		{554AC5FB-4EC5-4188-AE38-6946BA6AC019}.Debug|Any CPU.Build.0 = Debug|Any CPU
		{554AC5FB-4EC5-4188-AE38-6946BA6AC019}.Release|Any CPU.ActiveCfg = Release|Any CPU
		{554AC5FB-4EC5-4188-AE38-6946BA6AC019}.Release|Any CPU.Build.0 = Release|Any CPU
	EndGlobalSection
	GlobalSection(SolutionProperties) = preSolution
		HideSolutionNode = FALSE
	EndGlobalSection
EndGlobal
